
Microsoft Visual Studio Solution File, Format Version 12.00
# Visual Studio Version 17
VisualStudioVersion = 17.7.34221.43
MinimumVisualStudioVersion = 10.0.40219.1
Project("{FAE04EC0-301F-11D3-BF4B-00C04F79EFBC}") = "MagicVilla_API", "MagicVilla_API\MagicVilla_API.csproj", "{30EE88BE-AF3C-4CB7-9949-C5CAC2A198C7}"
EndProject
Global
	GlobalSection(SolutionConfigurationPlatforms) = preSolution
		Debug|Any CPU = Debug|Any CPU
		Release|Any CPU = Release|Any CPU
	EndGlobalSection
	GlobalSection(ProjectConfigurationPlatforms) = postSolution
		{30EE88BE-AF3C-4CB7-9949-C5CAC2A198C7}.Debug|Any CPU.ActiveCfg = Debug|Any CPU
		{30EE88BE-AF3C-4CB7-9949-C5CAC2A198C7}.Debug|Any CPU.Build.0 = Debug|Any CPU
		{30EE88BE-AF3C-4CB7-9949-C5CAC2A198C7}.Release|Any CPU.ActiveCfg = Release|Any CPU
		{30EE88BE-AF3C-4CB7-9949-C5CAC2A198C7}.Release|Any CPU.Build.0 = Release|Any CPU
	EndGlobalSection
	GlobalSection(SolutionProperties) = preSolution
		HideSolutionNode = FALSE
	EndGlobalSection
	GlobalSection(ExtensibilityGlobals) = postSolution
		SolutionGuid = {B76A6740-119E-4BD4-BBDE-8B4A3C827E96}
	EndGlobalSection
EndGlobal
